
Microsoft Visual Studio Solution File, Format Version 12.00
# Visual Studio Version 17
VisualStudioVersion = 17.4.33213.308
MinimumVisualStudioVersion = 10.0.40219.1
Project("{FAE04EC0-301F-11D3-BF4B-00C04F79EFBC}") = "Exercicio_002", "Exercicio_002\Exercicio_002.csproj", "{B1F265C2-7A01-434C-86A0-74C5E57F0C6B}"
EndProject
Global
	GlobalSection(SolutionConfigurationPlatforms) = preSolution
		Debug|Any CPU = Debug|Any CPU
		Release|Any CPU = Release|Any CPU
	EndGlobalSection
	GlobalSection(ProjectConfigurationPlatforms) = postSolution
		{B1F265C2-7A01-434C-86A0-74C5E57F0C6B}.Debug|Any CPU.ActiveCfg = Debug|Any CPU
		{B1F265C2-7A01-434C-86A0-74C5E57F0C6B}.Debug|Any CPU.Build.0 = Debug|Any CPU
		{B1F265C2-7A01-434C-86A0-74C5E57F0C6B}.Release|Any CPU.ActiveCfg = Release|Any CPU
		{B1F265C2-7A01-434C-86A0-74C5E57F0C6B}.Release|Any CPU.Build.0 = Release|Any CPU
	EndGlobalSection
	GlobalSection(SolutionProperties) = preSolution
		HideSolutionNode = FALSE
	EndGlobalSection
	GlobalSection(ExtensibilityGlobals) = postSolution
		SolutionGuid = {F6FA5661-CB4A-4483-83C1-75002800930F}
	EndGlobalSection
EndGlobal
