
Microsoft Visual Studio Solution File, Format Version 12.00
# Visual Studio Version 17
VisualStudioVersion = 17.4.33213.308
MinimumVisualStudioVersion = 10.0.40219.1
Project("{FAE04EC0-301F-11D3-BF4B-00C04F79EFBC}") = "Exercicio_EntradaDeDados01", "Exercicio_EntradaDeDados01\Exercicio_EntradaDeDados01.csproj", "{E1A950AF-B179-4363-B3F5-D14C6F27AB05}"
EndProject
Global
	GlobalSection(SolutionConfigurationPlatforms) = preSolution
		Debug|Any CPU = Debug|Any CPU
		Release|Any CPU = Release|Any CPU
	EndGlobalSection
	GlobalSection(ProjectConfigurationPlatforms) = postSolution
		{E1A950AF-B179-4363-B3F5-D14C6F27AB05}.Debug|Any CPU.ActiveCfg = Debug|Any CPU
		{E1A950AF-B179-4363-B3F5-D14C6F27AB05}.Debug|Any CPU.Build.0 = Debug|Any CPU
		{E1A950AF-B179-4363-B3F5-D14C6F27AB05}.Release|Any CPU.ActiveCfg = Release|Any CPU
		{E1A950AF-B179-4363-B3F5-D14C6F27AB05}.Release|Any CPU.Build.0 = Release|Any CPU
	EndGlobalSection
	GlobalSection(SolutionProperties) = preSolution
		HideSolutionNode = FALSE
	EndGlobalSection
	GlobalSection(ExtensibilityGlobals) = postSolution
		SolutionGuid = {920EF19A-FAD8-4582-BC1C-2FEE827AEB8D}
	EndGlobalSection
EndGlobal
