
Microsoft Visual Studio Solution File, Format Version 12.00
# Visual Studio Version 17
VisualStudioVersion = 17.4.33213.308
MinimumVisualStudioVersion = 10.0.40219.1
Project("{FAE04EC0-301F-11D3-BF4B-00C04F79EFBC}") = "Classes", "Classes\Classes.csproj", "{704B2A2B-31B0-49B3-8FCC-A3E3474054CA}"
EndProject
Global
	GlobalSection(SolutionConfigurationPlatforms) = preSolution
		Debug|Any CPU = Debug|Any CPU
		Release|Any CPU = Release|Any CPU
	EndGlobalSection
	GlobalSection(ProjectConfigurationPlatforms) = postSolution
		{704B2A2B-31B0-49B3-8FCC-A3E3474054CA}.Debug|Any CPU.ActiveCfg = Debug|Any CPU
		{704B2A2B-31B0-49B3-8FCC-A3E3474054CA}.Debug|Any CPU.Build.0 = Debug|Any CPU
		{704B2A2B-31B0-49B3-8FCC-A3E3474054CA}.Release|Any CPU.ActiveCfg = Release|Any CPU
		{704B2A2B-31B0-49B3-8FCC-A3E3474054CA}.Release|Any CPU.Build.0 = Release|Any CPU
	EndGlobalSection
	GlobalSection(SolutionProperties) = preSolution
		HideSolutionNode = FALSE
	EndGlobalSection
	GlobalSection(ExtensibilityGlobals) = postSolution
		SolutionGuid = {9648C309-8BCF-41F5-A4BE-11530BCB7E31}
	EndGlobalSection
EndGlobal
