
Microsoft Visual Studio Solution File, Format Version 12.00
# Visual Studio Version 17
VisualStudioVersion = 17.4.33213.308
MinimumVisualStudioVersion = 10.0.40219.1
Project("{FAE04EC0-301F-11D3-BF4B-00C04F79EFBC}") = "VetoresParte2", "VetoresParte2\VetoresParte2.csproj", "{A07D5978-520E-4248-A8A0-9B51D67027A1}"
EndProject
Global
	GlobalSection(SolutionConfigurationPlatforms) = preSolution
		Debug|Any CPU = Debug|Any CPU
		Release|Any CPU = Release|Any CPU
	EndGlobalSection
	GlobalSection(ProjectConfigurationPlatforms) = postSolution
		{A07D5978-520E-4248-A8A0-9B51D67027A1}.Debug|Any CPU.ActiveCfg = Debug|Any CPU
		{A07D5978-520E-4248-A8A0-9B51D67027A1}.Debug|Any CPU.Build.0 = Debug|Any CPU
		{A07D5978-520E-4248-A8A0-9B51D67027A1}.Release|Any CPU.ActiveCfg = Release|Any CPU
		{A07D5978-520E-4248-A8A0-9B51D67027A1}.Release|Any CPU.Build.0 = Release|Any CPU
	EndGlobalSection
	GlobalSection(SolutionProperties) = preSolution
		HideSolutionNode = FALSE
	EndGlobalSection
	GlobalSection(ExtensibilityGlobals) = postSolution
		SolutionGuid = {76273D7B-03CC-40E7-BE23-FD84E658F1F7}
	EndGlobalSection
EndGlobal
