
Microsoft Visual Studio Solution File, Format Version 12.00
# Visual Studio Version 17
VisualStudioVersion = 17.4.33213.308
MinimumVisualStudioVersion = 10.0.40219.1
Project("{FAE04EC0-301F-11D3-BF4B-00C04F79EFBC}") = "Exercicio_006", "Exercicio_006\Exercicio_006.csproj", "{302806A9-9F71-4A4C-9187-8D6EA16E7677}"
EndProject
Global
	GlobalSection(SolutionConfigurationPlatforms) = preSolution
		Debug|Any CPU = Debug|Any CPU
		Release|Any CPU = Release|Any CPU
	EndGlobalSection
	GlobalSection(ProjectConfigurationPlatforms) = postSolution
		{302806A9-9F71-4A4C-9187-8D6EA16E7677}.Debug|Any CPU.ActiveCfg = Debug|Any CPU
		{302806A9-9F71-4A4C-9187-8D6EA16E7677}.Debug|Any CPU.Build.0 = Debug|Any CPU
		{302806A9-9F71-4A4C-9187-8D6EA16E7677}.Release|Any CPU.ActiveCfg = Release|Any CPU
		{302806A9-9F71-4A4C-9187-8D6EA16E7677}.Release|Any CPU.Build.0 = Release|Any CPU
	EndGlobalSection
	GlobalSection(SolutionProperties) = preSolution
		HideSolutionNode = FALSE
	EndGlobalSection
	GlobalSection(ExtensibilityGlobals) = postSolution
		SolutionGuid = {D6BB790A-85F1-453A-810D-77E37A116703}
	EndGlobalSection
EndGlobal
