
Microsoft Visual Studio Solution File, Format Version 12.00
# Visual Studio Version 17
VisualStudioVersion = 17.4.33213.308
MinimumVisualStudioVersion = 10.0.40219.1
Project("{FAE04EC0-301F-11D3-BF4B-00C04F79EFBC}") = "Listas_Parte2", "Listas_Parte2\Listas_Parte2.csproj", "{D9CC1A1A-847E-44F1-867C-01244F1E2E31}"
EndProject
Global
	GlobalSection(SolutionConfigurationPlatforms) = preSolution
		Debug|Any CPU = Debug|Any CPU
		Release|Any CPU = Release|Any CPU
	EndGlobalSection
	GlobalSection(ProjectConfigurationPlatforms) = postSolution
		{D9CC1A1A-847E-44F1-867C-01244F1E2E31}.Debug|Any CPU.ActiveCfg = Debug|Any CPU
		{D9CC1A1A-847E-44F1-867C-01244F1E2E31}.Debug|Any CPU.Build.0 = Debug|Any CPU
		{D9CC1A1A-847E-44F1-867C-01244F1E2E31}.Release|Any CPU.ActiveCfg = Release|Any CPU
		{D9CC1A1A-847E-44F1-867C-01244F1E2E31}.Release|Any CPU.Build.0 = Release|Any CPU
	EndGlobalSection
	GlobalSection(SolutionProperties) = preSolution
		HideSolutionNode = FALSE
	EndGlobalSection
	GlobalSection(ExtensibilityGlobals) = postSolution
		SolutionGuid = {6BF2E8D1-9893-4FC3-A623-2A2E438626D0}
	EndGlobalSection
EndGlobal
