
Microsoft Visual Studio Solution File, Format Version 12.00
# Visual Studio Version 17
VisualStudioVersion = 17.4.33213.308
MinimumVisualStudioVersion = 10.0.40219.1
Project("{FAE04EC0-301F-11D3-BF4B-00C04F79EFBC}") = "Exercicio_001", "Exercicio_001\Exercicio_001.csproj", "{9EE9162C-8428-491C-A0D7-E45EAE31B45B}"
EndProject
Global
	GlobalSection(SolutionConfigurationPlatforms) = preSolution
		Debug|Any CPU = Debug|Any CPU
		Release|Any CPU = Release|Any CPU
	EndGlobalSection
	GlobalSection(ProjectConfigurationPlatforms) = postSolution
		{9EE9162C-8428-491C-A0D7-E45EAE31B45B}.Debug|Any CPU.ActiveCfg = Debug|Any CPU
		{9EE9162C-8428-491C-A0D7-E45EAE31B45B}.Debug|Any CPU.Build.0 = Debug|Any CPU
		{9EE9162C-8428-491C-A0D7-E45EAE31B45B}.Release|Any CPU.ActiveCfg = Release|Any CPU
		{9EE9162C-8428-491C-A0D7-E45EAE31B45B}.Release|Any CPU.Build.0 = Release|Any CPU
	EndGlobalSection
	GlobalSection(SolutionProperties) = preSolution
		HideSolutionNode = FALSE
	EndGlobalSection
	GlobalSection(ExtensibilityGlobals) = postSolution
		SolutionGuid = {B52908DE-3261-45F6-ABBB-190082A38AC8}
	EndGlobalSection
EndGlobal
