
Microsoft Visual Studio Solution File, Format Version 12.00
# Visual Studio Version 17
VisualStudioVersion = 17.4.33213.308
MinimumVisualStudioVersion = 10.0.40219.1
Project("{FAE04EC0-301F-11D3-BF4B-00C04F79EFBC}") = "Construtores", "Construtores\Construtores.csproj", "{5B127556-BE24-48DB-A9C2-A966FB5978D7}"
EndProject
Global
	GlobalSection(SolutionConfigurationPlatforms) = preSolution
		Debug|Any CPU = Debug|Any CPU
		Release|Any CPU = Release|Any CPU
	EndGlobalSection
	GlobalSection(ProjectConfigurationPlatforms) = postSolution
		{5B127556-BE24-48DB-A9C2-A966FB5978D7}.Debug|Any CPU.ActiveCfg = Debug|Any CPU
		{5B127556-BE24-48DB-A9C2-A966FB5978D7}.Debug|Any CPU.Build.0 = Debug|Any CPU
		{5B127556-BE24-48DB-A9C2-A966FB5978D7}.Release|Any CPU.ActiveCfg = Release|Any CPU
		{5B127556-BE24-48DB-A9C2-A966FB5978D7}.Release|Any CPU.Build.0 = Release|Any CPU
	EndGlobalSection
	GlobalSection(SolutionProperties) = preSolution
		HideSolutionNode = FALSE
	EndGlobalSection
	GlobalSection(ExtensibilityGlobals) = postSolution
		SolutionGuid = {86587CB0-6D2C-4856-A6C9-2C0C695CFFD5}
	EndGlobalSection
EndGlobal
