
Microsoft Visual Studio Solution File, Format Version 12.00
# Visual Studio Version 17
VisualStudioVersion = 17.4.33213.308
MinimumVisualStudioVersion = 10.0.40219.1
Project("{FAE04EC0-301F-11D3-BF4B-00C04F79EFBC}") = "Exercicio_Fixacao", "Exercicio_Fixacao\Exercicio_Fixacao.csproj", "{89E4946D-D8C2-420F-9841-138F74541BBB}"
EndProject
Global
	GlobalSection(SolutionConfigurationPlatforms) = preSolution
		Debug|Any CPU = Debug|Any CPU
		Release|Any CPU = Release|Any CPU
	EndGlobalSection
	GlobalSection(ProjectConfigurationPlatforms) = postSolution
		{89E4946D-D8C2-420F-9841-138F74541BBB}.Debug|Any CPU.ActiveCfg = Debug|Any CPU
		{89E4946D-D8C2-420F-9841-138F74541BBB}.Debug|Any CPU.Build.0 = Debug|Any CPU
		{89E4946D-D8C2-420F-9841-138F74541BBB}.Release|Any CPU.ActiveCfg = Release|Any CPU
		{89E4946D-D8C2-420F-9841-138F74541BBB}.Release|Any CPU.Build.0 = Release|Any CPU
	EndGlobalSection
	GlobalSection(SolutionProperties) = preSolution
		HideSolutionNode = FALSE
	EndGlobalSection
	GlobalSection(ExtensibilityGlobals) = postSolution
		SolutionGuid = {CED6103F-5BD1-499F-8D5F-1D82091A9E65}
	EndGlobalSection
EndGlobal
