
Microsoft Visual Studio Solution File, Format Version 12.00
# Visual Studio Version 17
VisualStudioVersion = 17.4.33213.308
MinimumVisualStudioVersion = 10.0.40219.1
Project("{FAE04EC0-301F-11D3-BF4B-00C04F79EFBC}") = "Ex_003", "Ex_003\Ex_003.csproj", "{B8D3AE32-960F-4B97-8B9F-3676539FEAAE}"
EndProject
Global
	GlobalSection(SolutionConfigurationPlatforms) = preSolution
		Debug|Any CPU = Debug|Any CPU
		Release|Any CPU = Release|Any CPU
	EndGlobalSection
	GlobalSection(ProjectConfigurationPlatforms) = postSolution
		{B8D3AE32-960F-4B97-8B9F-3676539FEAAE}.Debug|Any CPU.ActiveCfg = Debug|Any CPU
		{B8D3AE32-960F-4B97-8B9F-3676539FEAAE}.Debug|Any CPU.Build.0 = Debug|Any CPU
		{B8D3AE32-960F-4B97-8B9F-3676539FEAAE}.Release|Any CPU.ActiveCfg = Release|Any CPU
		{B8D3AE32-960F-4B97-8B9F-3676539FEAAE}.Release|Any CPU.Build.0 = Release|Any CPU
	EndGlobalSection
	GlobalSection(SolutionProperties) = preSolution
		HideSolutionNode = FALSE
	EndGlobalSection
	GlobalSection(ExtensibilityGlobals) = postSolution
		SolutionGuid = {18C5C056-BF4B-4DCA-B3E0-068FF8BD8EC2}
	EndGlobalSection
EndGlobal
