
Microsoft Visual Studio Solution File, Format Version 12.00
# Visual Studio Version 17
VisualStudioVersion = 17.4.33213.308
MinimumVisualStudioVersion = 10.0.40219.1
Project("{FAE04EC0-301F-11D3-BF4B-00C04F79EFBC}") = "ExercicioResolvido001", "ExercicioResolvido001\ExercicioResolvido001.csproj", "{55D96FFE-7C61-4520-BEA0-FE78F3D602EC}"
EndProject
Global
	GlobalSection(SolutionConfigurationPlatforms) = preSolution
		Debug|Any CPU = Debug|Any CPU
		Release|Any CPU = Release|Any CPU
	EndGlobalSection
	GlobalSection(ProjectConfigurationPlatforms) = postSolution
		{55D96FFE-7C61-4520-BEA0-FE78F3D602EC}.Debug|Any CPU.ActiveCfg = Debug|Any CPU
		{55D96FFE-7C61-4520-BEA0-FE78F3D602EC}.Debug|Any CPU.Build.0 = Debug|Any CPU
		{55D96FFE-7C61-4520-BEA0-FE78F3D602EC}.Release|Any CPU.ActiveCfg = Release|Any CPU
		{55D96FFE-7C61-4520-BEA0-FE78F3D602EC}.Release|Any CPU.Build.0 = Release|Any CPU
	EndGlobalSection
	GlobalSection(SolutionProperties) = preSolution
		HideSolutionNode = FALSE
	EndGlobalSection
	GlobalSection(ExtensibilityGlobals) = postSolution
		SolutionGuid = {FD386DAF-9AC8-45A4-8854-376A5CC43FB5}
	EndGlobalSection
EndGlobal
