
Microsoft Visual Studio Solution File, Format Version 12.00
# Visual Studio Version 17
VisualStudioVersion = 17.4.33213.308
MinimumVisualStudioVersion = 10.0.40219.1
Project("{FAE04EC0-301F-11D3-BF4B-00C04F79EFBC}") = "Exercicio_003", "Exercicio_003\Exercicio_003.csproj", "{6A10981A-560D-4923-9460-26180CA0C864}"
EndProject
Global
	GlobalSection(SolutionConfigurationPlatforms) = preSolution
		Debug|Any CPU = Debug|Any CPU
		Release|Any CPU = Release|Any CPU
	EndGlobalSection
	GlobalSection(ProjectConfigurationPlatforms) = postSolution
		{6A10981A-560D-4923-9460-26180CA0C864}.Debug|Any CPU.ActiveCfg = Debug|Any CPU
		{6A10981A-560D-4923-9460-26180CA0C864}.Debug|Any CPU.Build.0 = Debug|Any CPU
		{6A10981A-560D-4923-9460-26180CA0C864}.Release|Any CPU.ActiveCfg = Release|Any CPU
		{6A10981A-560D-4923-9460-26180CA0C864}.Release|Any CPU.Build.0 = Release|Any CPU
	EndGlobalSection
	GlobalSection(SolutionProperties) = preSolution
		HideSolutionNode = FALSE
	EndGlobalSection
	GlobalSection(ExtensibilityGlobals) = postSolution
		SolutionGuid = {5C537524-A0E4-4BBD-8DCA-DE191163A970}
	EndGlobalSection
EndGlobal
