
Microsoft Visual Studio Solution File, Format Version 12.00
# Visual Studio Version 17
VisualStudioVersion = 17.4.33213.308
MinimumVisualStudioVersion = 10.0.40219.1
Project("{FAE04EC0-301F-11D3-BF4B-00C04F79EFBC}") = "MembrosEstaticos", "MembrosEstaticos\MembrosEstaticos.csproj", "{A55803C6-7330-443B-9A58-888063FE818C}"
EndProject
Global
	GlobalSection(SolutionConfigurationPlatforms) = preSolution
		Debug|Any CPU = Debug|Any CPU
		Release|Any CPU = Release|Any CPU
	EndGlobalSection
	GlobalSection(ProjectConfigurationPlatforms) = postSolution
		{A55803C6-7330-443B-9A58-888063FE818C}.Debug|Any CPU.ActiveCfg = Debug|Any CPU
		{A55803C6-7330-443B-9A58-888063FE818C}.Debug|Any CPU.Build.0 = Debug|Any CPU
		{A55803C6-7330-443B-9A58-888063FE818C}.Release|Any CPU.ActiveCfg = Release|Any CPU
		{A55803C6-7330-443B-9A58-888063FE818C}.Release|Any CPU.Build.0 = Release|Any CPU
	EndGlobalSection
	GlobalSection(SolutionProperties) = preSolution
		HideSolutionNode = FALSE
	EndGlobalSection
	GlobalSection(ExtensibilityGlobals) = postSolution
		SolutionGuid = {7074BE46-2337-4792-BCF8-64B3A88324A2}
	EndGlobalSection
EndGlobal
